
Microsoft Visual Studio Solution File, Format Version 12.00
# Visual Studio Version 17
VisualStudioVersion = 17.5.33530.505
MinimumVisualStudioVersion = 10.0.40219.1
Project("{2150E333-8FDC-42A3-9474-1A3956D46DE8}") = "Элементы решения", "Элементы решения", "{44350A0B-0B39-4795-9C9A-7CE71F69F9B7}"
	ProjectSection(SolutionItems) = preProject
		.gitignore = .gitignore
		error.txt = error.txt
		index.html = index.html
		readme.md = readme.md
		script.js = script.js
	EndProjectSection
EndProject
Project("{2150E333-8FDC-42A3-9474-1A3956D46DE8}") = "logs", "logs", "{254A6745-E137-4D95-9F46-6593C7213230}"
	ProjectSection(SolutionItems) = preProject
		log1.txt = log1.txt
	EndProjectSection
EndProject
Global
	GlobalSection(SolutionProperties) = preSolution
		HideSolutionNode = FALSE
	EndGlobalSection
	GlobalSection(ExtensibilityGlobals) = postSolution
		SolutionGuid = {10C1F0AF-F3FD-4E02-8A44-FCE6B07FE033}
	EndGlobalSection
EndGlobal
